
Microsoft Visual Studio Solution File, Format Version 12.00
# Visual Studio 15
VisualStudioVersion = 15.0.28307.572
MinimumVisualStudioVersion = 10.0.40219.1
Project("{FAE04EC0-301F-11D3-BF4B-00C04F79EFBC}") = "WebApplication1", "WebApplication1\WebApplication1.csproj", "{FD5CB3F1-7853-4CC9-8672-9E3A5059343D}"
EndProject
Global
	GlobalSection(SolutionConfigurationPlatforms) = preSolution
		Debug|Any CPU = Debug|Any CPU
		Release|Any CPU = Release|Any CPU
	EndGlobalSection
	GlobalSection(ProjectConfigurationPlatforms) = postSolution
		{FD5CB3F1-7853-4CC9-8672-9E3A5059343D}.Debug|Any CPU.ActiveCfg = Debug|Any CPU
		{FD5CB3F1-7853-4CC9-8672-9E3A5059343D}.Debug|Any CPU.Build.0 = Debug|Any CPU
		{FD5CB3F1-7853-4CC9-8672-9E3A5059343D}.Release|Any CPU.ActiveCfg = Release|Any CPU
		{FD5CB3F1-7853-4CC9-8672-9E3A5059343D}.Release|Any CPU.Build.0 = Release|Any CPU
	EndGlobalSection
	GlobalSection(SolutionProperties) = preSolution
		HideSolutionNode = FALSE
	EndGlobalSection
	GlobalSection(ExtensibilityGlobals) = postSolution
		SolutionGuid = {72BF6C65-451D-426E-BCB0-CE482D46C063}
	EndGlobalSection
EndGlobal
